<?xml version="1.0" encoding="utf-8"?>
<Project ToolsVersion="4.0" xmlns="http://schemas.microsoft.com/developer/msbuild/2003">
  <ItemGroup>
    <Filter Include="File di origine">
      <UniqueIdentifier>{4FC737F1-C7A5-4376-A066-2A32D752A2FF}</UniqueIdentifier>
      <Extensions>cpp;c;cc;cxx;c++;cppm;ixx;def;odl;idl;hpj;bat;asm;asmx</Extensions>
    </Filter>
    <Filter Include="File di intestazione">
      <UniqueIdentifier>{93995380-89BD-4b04-88EB-625FBE52EBFB}</UniqueIdentifier>
      <Extensions>h;hh;hpp;hxx;h++;hm;inl;inc;ipp;xsd</Extensions>
    </Filter>
    <Filter Include="File di risorse">
      <UniqueIdentifier>{67DA6AB6-F800-4c08-8B7A-83BB121AAD01}</UniqueIdentifier>
      <Extensions>rc;ico;cur;bmp;dlg;rc2;rct;bin;rgs;gif;jpg;jpeg;jpe;resx;tiff;tif;png;wav;mfcribbon-ms</Extensions>
    </Filter>
  </ItemGroup>
  <ItemGroup>
    <ClInclude Include="drawing.h">
      <Filter>File di intestazione</Filter>
    </ClInclude>
    <ClInclude Include="Cmappa.h">
      <Filter>File di intestazione</Filter>
    </ClInclude>
    <ClInclude Include="CcuboOstacolo.h">
      <Filter>File di intestazione</Filter>
    </ClInclude>
    <ClInclude Include="CtrinagoloOstacolo.h">
      <Filter>File di intestazione</Filter>
    </ClInclude>
    <ClInclude Include="CspuntoniOstacolo.h">
      <Filter>File di intestazione</Filter>
    </ClInclude>
    <ClInclude Include="Cbase.h">
      <Filter>File di intestazione</Filter>
    </ClInclude>
    <ClInclude Include="CdoppioOstacolo.h">
      <Filter>File di intestazione</Filter>
    </ClInclude>
    <ClInclude Include="CareaDiGioco.h">
      <Filter>File di intestazione</Filter>
    </ClInclude>
    <ClInclude Include="define.h">
      <Filter>File di intestazione</Filter>
    </ClInclude>
    <ClInclude Include="Cgiocatore.h">
      <Filter>File di intestazione</Filter>
    </ClInclude>
    <ClInclude Include="CpiattaformaOstacolo.h">
      <Filter>File di intestazione</Filter>
    </ClInclude>
    <ClInclude Include="CtriangoloInversoOstacolo.h">
      <Filter>File di intestazione</Filter>
    </ClInclude>
    <ClInclude Include="CportaleOstacolo.h">
      <Filter>File di intestazione</Filter>
    </ClInclude>
    <ClInclude Include="CspuntoniInversiOstacolo.h">
      <Filter>File di intestazione</Filter>
    </ClInclude>
    <ClInclude Include="Cnavicella.h">
      <Filter>File di intestazione</Filter>
    </ClInclude>
    <ClInclude Include="Cstart.h">
      <Filter>File di intestazione</Filter>
    </ClInclude>
    <ClInclude Include="CfineTP.h">
      <Filter>File di intestazione</Filter>
    </ClInclude>
    <ClInclude Include="Clevel1.h">
      <Filter>File di intestazione</Filter>
    </ClInclude>
    <ClInclude Include="Cwin.h">
      <Filter>File di intestazione</Filter>
    </ClInclude>
    <ClInclude Include="CtendinaMenu.h">
      <Filter>File di intestazione</Filter>
    </ClInclude>
    <ClInclude Include="Clettere.h">
      <Filter>File di intestazione</Filter>
    </ClInclude>
    <ClInclude Include="CmenuSkin.h">
      <Filter>File di intestazione</Filter>
    </ClInclude>
    <ClInclude Include="CmenuImpostazioni.h">
      <Filter>File di intestazione</Filter>
    </ClInclude>
  </ItemGroup>
  <ItemGroup>
    <ClCompile Include="drawing.cpp">
      <Filter>File di origine</Filter>
    </ClCompile>
    <ClCompile Include="main.cpp">
      <Filter>File di origine</Filter>
    </ClCompile>
    <ClCompile Include="Cmappa.cpp">
      <Filter>File di origine</Filter>
    </ClCompile>
    <ClCompile Include="CcuboOstacolo.cpp">
      <Filter>File di origine</Filter>
    </ClCompile>
    <ClCompile Include="CtrinagoloOstacolo.cpp">
      <Filter>File di origine</Filter>
    </ClCompile>
    <ClCompile Include="CspuntoniOstacolo.cpp">
      <Filter>File di origine</Filter>
    </ClCompile>
    <ClCompile Include="Cbase.cpp">
      <Filter>File di origine</Filter>
    </ClCompile>
    <ClCompile Include="CdoppioOstacolo.cpp">
      <Filter>File di origine</Filter>
    </ClCompile>
    <ClCompile Include="CareaDiGioco.cpp">
      <Filter>File di origine</Filter>
    </ClCompile>
    <ClCompile Include="Cgiocatore.cpp">
      <Filter>File di origine</Filter>
    </ClCompile>
    <ClCompile Include="CpiattaformaOstacolo.cpp">
      <Filter>File di origine</Filter>
    </ClCompile>
    <ClCompile Include="CtriangoloInversoOstacolo.cpp">
      <Filter>File di origine</Filter>
    </ClCompile>
    <ClCompile Include="CportaleOstacolo.cpp">
      <Filter>File di origine</Filter>
    </ClCompile>
    <ClCompile Include="CspuntoniInversiOstacolo.cpp">
      <Filter>File di origine</Filter>
    </ClCompile>
    <ClCompile Include="Cnavicella.cpp">
      <Filter>File di origine</Filter>
    </ClCompile>
    <ClCompile Include="Cstart.cpp">
      <Filter>File di origine</Filter>
    </ClCompile>
    <ClCompile Include="CfineTP.cpp">
      <Filter>File di origine</Filter>
    </ClCompile>
    <ClCompile Include="Clevel1.cpp">
      <Filter>File di origine</Filter>
    </ClCompile>
    <ClCompile Include="Cwin.cpp">
      <Filter>File di origine</Filter>
    </ClCompile>
    <ClCompile Include="CtendinaMenu.cpp">
      <Filter>File di origine</Filter>
    </ClCompile>
    <ClCompile Include="Clettere.cpp">
      <Filter>File di origine</Filter>
    </ClCompile>
    <ClCompile Include="CmenuSkin.cpp">
      <Filter>File di origine</Filter>
    </ClCompile>
    <ClCompile Include="CmenuImpostazioni.cpp">
      <Filter>File di origine</Filter>
    </ClCompile>
  </ItemGroup>
</Project>